// !$*UTF8*$!
{
	archiveVersion = 1;
	classes = {
	};
	objectVersion = 46;
	objects = {

/* Begin PBXBuildFile section */
		49150C891E30844B00638614 /* AZZHongBaoGotUserModel.m in Sources */ = {isa = PBXBuildFile; fileRef = 49150C881E30844B00638614 /* AZZHongBaoGotUserModel.m */; };
		49150C8C1E308B0300638614 /* AZZHongBaoView.m in Sources */ = {isa = PBXBuildFile; fileRef = 49150C8B1E308B0300638614 /* AZZHongBaoView.m */; };
		49150C8E1E31E89400638614 /* Assets.xcassets in Resources */ = {isa = PBXBuildFile; fileRef = 49150C8D1E31E89400638614 /* Assets.xcassets */; };
		4924C6381E289A0800EFDCDE /* MapKit.framework in Frameworks */ = {isa = PBXBuildFile; fileRef = 4924C6371E289A0800EFDCDE /* MapKit.framework */; };
		4924C6401E289BC100EFDCDE /* AZZClient.m in Sources */ = {isa = PBXBuildFile; fileRef = 4924C63E1E289BC100EFDCDE /* AZZClient.m */; };
		4924C6431E289BCE00EFDCDE /* AZZHongBaoModel.m in Sources */ = {isa = PBXBuildFile; fileRef = 4924C6421E289BCE00EFDCDE /* AZZHongBaoModel.m */; };
		4924C64B1E289BE300EFDCDE /* AZZImageDetector.mm in Sources */ = {isa = PBXBuildFile; fileRef = 4924C6461E289BE300EFDCDE /* AZZImageDetector.mm */; };
		4924C64C1E289BE300EFDCDE /* AZZImageUtils.mm in Sources */ = {isa = PBXBuildFile; fileRef = 4924C6481E289BE300EFDCDE /* AZZImageUtils.mm */; };
		4924C64D1E289BE300EFDCDE /* AZZLocationManager.m in Sources */ = {isa = PBXBuildFile; fileRef = 4924C64A1E289BE300EFDCDE /* AZZLocationManager.m */; };
		4924C6531E289D8200EFDCDE /* AZZMapViewController.m in Sources */ = {isa = PBXBuildFile; fileRef = 4924C6521E289D8200EFDCDE /* AZZMapViewController.m */; };
		4924C6561E289FED00EFDCDE /* AZZMapAnnotation.m in Sources */ = {isa = PBXBuildFile; fileRef = 4924C6551E289FED00EFDCDE /* AZZMapAnnotation.m */; };
		4924C6591E28A31800EFDCDE /* AZZBaseViewController.m in Sources */ = {isa = PBXBuildFile; fileRef = 4924C6571E28A31800EFDCDE /* AZZBaseViewController.m */; };
		4924C65E1E28B00A00EFDCDE /* AZZScanHongBaoViewController.m in Sources */ = {isa = PBXBuildFile; fileRef = 4924C65D1E28B00A00EFDCDE /* AZZScanHongBaoViewController.m */; };
		4924C6611E28B58200EFDCDE /* libjpeg.a in Frameworks */ = {isa = PBXBuildFile; fileRef = 4924C65A1E28AE0900EFDCDE /* libjpeg.a */; };
		4951F7F41E1F3BA1005BE3E8 /* main.m in Sources */ = {isa = PBXBuildFile; fileRef = 4951F7F31E1F3BA1005BE3E8 /* main.m */; };
		4951F7F71E1F3BA1005BE3E8 /* AppDelegate.m in Sources */ = {isa = PBXBuildFile; fileRef = 4951F7F61E1F3BA1005BE3E8 /* AppDelegate.m */; };
		4951F7FA1E1F3BA1005BE3E8 /* ViewController.mm in Sources */ = {isa = PBXBuildFile; fileRef = 4951F7F91E1F3BA1005BE3E8 /* ViewController.mm */; };
		4951F7FD1E1F3BA1005BE3E8 /* Main.storyboard in Resources */ = {isa = PBXBuildFile; fileRef = 4951F7FB1E1F3BA1005BE3E8 /* Main.storyboard */; };
		4951F8021E1F3BA1005BE3E8 /* LaunchScreen.storyboard in Resources */ = {isa = PBXBuildFile; fileRef = 4951F8001E1F3BA1005BE3E8 /* LaunchScreen.storyboard */; };
		4951F80B1E1F3C55005BE3E8 /* opencv2.framework in Frameworks */ = {isa = PBXBuildFile; fileRef = 4951F80A1E1F3C55005BE3E8 /* opencv2.framework */; };
		4951F80E1E1F3C79005BE3E8 /* AVFoundation.framework in Frameworks */ = {isa = PBXBuildFile; fileRef = 4951F80D1E1F3C79005BE3E8 /* AVFoundation.framework */; };
		4951F8101E1F3C83005BE3E8 /* AssetsLibrary.framework in Frameworks */ = {isa = PBXBuildFile; fileRef = 4951F80F1E1F3C83005BE3E8 /* AssetsLibrary.framework */; };
		4951F8121E1F3C8A005BE3E8 /* CoreMedia.framework in Frameworks */ = {isa = PBXBuildFile; fileRef = 4951F8111E1F3C8A005BE3E8 /* CoreMedia.framework */; };
		4962C7651E45C61F0002A397 /* AZZLoginViewController.m in Sources */ = {isa = PBXBuildFile; fileRef = 4962C7641E45C61F0002A397 /* AZZLoginViewController.m */; };
		4962C7681E45CD780002A397 /* AZZRegisterViewController.m in Sources */ = {isa = PBXBuildFile; fileRef = 4962C7671E45CD780002A397 /* AZZRegisterViewController.m */; };
		4962C76B1E484DD20002A397 /* AZZSelectViewController.m in Sources */ = {isa = PBXBuildFile; fileRef = 4962C76A1E484DD20002A397 /* AZZSelectViewController.m */; };
		499416D31E7B83D90043E0D7 /* AZZPFHomeViewController.m in Sources */ = {isa = PBXBuildFile; fileRef = 499416D21E7B83D90043E0D7 /* AZZPFHomeViewController.m */; };
		499416D61E7B85C40043E0D7 /* AZZCenterTitleButton.m in Sources */ = {isa = PBXBuildFile; fileRef = 499416D51E7B85C40043E0D7 /* AZZCenterTitleButton.m */; };
		499416D91E7F6F240043E0D7 /* AZZUserCenterViewController.m in Sources */ = {isa = PBXBuildFile; fileRef = 499416D81E7F6F240043E0D7 /* AZZUserCenterViewController.m */; };
		499416DC1E7F721F0043E0D7 /* AZZUserActionsTableViewCell.m in Sources */ = {isa = PBXBuildFile; fileRef = 499416DB1E7F721F0043E0D7 /* AZZUserActionsTableViewCell.m */; };
		499416DF1E7F7CAA0043E0D7 /* AZZGotHongBaoViewController.m in Sources */ = {isa = PBXBuildFile; fileRef = 499416DE1E7F7CAA0043E0D7 /* AZZGotHongBaoViewController.m */; };
		499416E71E8A2E200043E0D7 /* UMSSpinnerView.m in Sources */ = {isa = PBXBuildFile; fileRef = 499416E61E8A2E200043E0D7 /* UMSSpinnerView.m */; };
		4994170D1E8CCB620043E0D7 /* AZZOpenHongBaoView.m in Sources */ = {isa = PBXBuildFile; fileRef = 4994170C1E8CCB620043E0D7 /* AZZOpenHongBaoView.m */; };
		49B4F0BB1E8DF46300652955 /* AZZLocationView.m in Sources */ = {isa = PBXBuildFile; fileRef = 49B4F0BA1E8DF46300652955 /* AZZLocationView.m */; };
		49C745AB1E8DFFCD006E4348 /* AZZSendHongbaoSuccessView.m in Sources */ = {isa = PBXBuildFile; fileRef = 49C745AA1E8DFFCD006E4348 /* AZZSendHongbaoSuccessView.m */; };
		49C745AE1E8E1B2A006E4348 /* AZZImageRotate.m in Sources */ = {isa = PBXBuildFile; fileRef = 49C745AD1E8E1B2A006E4348 /* AZZImageRotate.m */; };
		49C745B11E8F6960006E4348 /* AZZHongbaoAnnotationView.m in Sources */ = {isa = PBXBuildFile; fileRef = 49C745B01E8F6960006E4348 /* AZZHongbaoAnnotationView.m */; };
		BF79371D60E40897DF21929E /* libPods-LogoDetector.a in Frameworks */ = {isa = PBXBuildFile; fileRef = 7E06BEEA943217F144B8663B /* libPods-LogoDetector.a */; };
/* End PBXBuildFile section */

/* Begin PBXFileReference section */
		49150C871E30844B00638614 /* AZZHongBaoGotUserModel.h */ = {isa = PBXFileReference; fileEncoding = 4; lastKnownFileType = sourcecode.c.h; name = AZZHongBaoGotUserModel.h; path = Model/AZZHongBaoGotUserModel.h; sourceTree = "<group>"; };
		49150C881E30844B00638614 /* AZZHongBaoGotUserModel.m */ = {isa = PBXFileReference; fileEncoding = 4; lastKnownFileType = sourcecode.c.objc; name = AZZHongBaoGotUserModel.m; path = Model/AZZHongBaoGotUserModel.m; sourceTree = "<group>"; };
		49150C8A1E308B0300638614 /* AZZHongBaoView.h */ = {isa = PBXFileReference; fileEncoding = 4; lastKnownFileType = sourcecode.c.h; name = AZZHongBaoView.h; path = View/AZZHongBaoView.h; sourceTree = "<group>"; };
		49150C8B1E308B0300638614 /* AZZHongBaoView.m */ = {isa = PBXFileReference; fileEncoding = 4; lastKnownFileType = sourcecode.c.objc; name = AZZHongBaoView.m; path = View/AZZHongBaoView.m; sourceTree = "<group>"; };
		49150C8D1E31E89400638614 /* Assets.xcassets */ = {isa = PBXFileReference; lastKnownFileType = folder.assetcatalog; path = Assets.xcassets; sourceTree = "<group>"; };
		4924C6371E289A0800EFDCDE /* MapKit.framework */ = {isa = PBXFileReference; lastKnownFileType = wrapper.framework; name = MapKit.framework; path = System/Library/Frameworks/MapKit.framework; sourceTree = SDKROOT; };
		4924C63D1E289BC100EFDCDE /* AZZClient.h */ = {isa = PBXFileReference; fileEncoding = 4; lastKnownFileType = sourcecode.c.h; name = AZZClient.h; path = Network/AZZClient.h; sourceTree = "<group>"; };
		4924C63E1E289BC100EFDCDE /* AZZClient.m */ = {isa = PBXFileReference; fileEncoding = 4; lastKnownFileType = sourcecode.c.objc; name = AZZClient.m; path = Network/AZZClient.m; sourceTree = "<group>"; };
		4924C63F1E289BC100EFDCDE /* AZZServerResources.h */ = {isa = PBXFileReference; fileEncoding = 4; lastKnownFileType = sourcecode.c.h; name = AZZServerResources.h; path = Network/AZZServerResources.h; sourceTree = "<group>"; };
		4924C6411E289BCE00EFDCDE /* AZZHongBaoModel.h */ = {isa = PBXFileReference; fileEncoding = 4; lastKnownFileType = sourcecode.c.h; name = AZZHongBaoModel.h; path = Model/AZZHongBaoModel.h; sourceTree = "<group>"; };
		4924C6421E289BCE00EFDCDE /* AZZHongBaoModel.m */ = {isa = PBXFileReference; fileEncoding = 4; lastKnownFileType = sourcecode.c.objc; name = AZZHongBaoModel.m; path = Model/AZZHongBaoModel.m; sourceTree = "<group>"; };
		4924C6451E289BE300EFDCDE /* AZZImageDetector.h */ = {isa = PBXFileReference; fileEncoding = 4; lastKnownFileType = sourcecode.c.h; name = AZZImageDetector.h; path = Tools/AZZImageDetector.h; sourceTree = "<group>"; };
		4924C6461E289BE300EFDCDE /* AZZImageDetector.mm */ = {isa = PBXFileReference; fileEncoding = 4; lastKnownFileType = sourcecode.cpp.objcpp; name = AZZImageDetector.mm; path = Tools/AZZImageDetector.mm; sourceTree = "<group>"; };
		4924C6471E289BE300EFDCDE /* AZZImageUtils.h */ = {isa = PBXFileReference; fileEncoding = 4; lastKnownFileType = sourcecode.c.h; name = AZZImageUtils.h; path = Tools/AZZImageUtils.h; sourceTree = "<group>"; };
		4924C6481E289BE300EFDCDE /* AZZImageUtils.mm */ = {isa = PBXFileReference; fileEncoding = 4; lastKnownFileType = sourcecode.cpp.objcpp; name = AZZImageUtils.mm; path = Tools/AZZImageUtils.mm; sourceTree = "<group>"; };
		4924C6491E289BE300EFDCDE /* AZZLocationManager.h */ = {isa = PBXFileReference; fileEncoding = 4; lastKnownFileType = sourcecode.c.h; name = AZZLocationManager.h; path = Tools/AZZLocationManager.h; sourceTree = "<group>"; };
		4924C64A1E289BE300EFDCDE /* AZZLocationManager.m */ = {isa = PBXFileReference; fileEncoding = 4; lastKnownFileType = sourcecode.c.objc; name = AZZLocationManager.m; path = Tools/AZZLocationManager.m; sourceTree = "<group>"; };
		4924C6511E289D8200EFDCDE /* AZZMapViewController.h */ = {isa = PBXFileReference; fileEncoding = 4; lastKnownFileType = sourcecode.c.h; name = AZZMapViewController.h; path = ViewController/AZZMapViewController.h; sourceTree = "<group>"; };
		4924C6521E289D8200EFDCDE /* AZZMapViewController.m */ = {isa = PBXFileReference; fileEncoding = 4; lastKnownFileType = sourcecode.c.objc; name = AZZMapViewController.m; path = ViewController/AZZMapViewController.m; sourceTree = "<group>"; };
		4924C6541E289FED00EFDCDE /* AZZMapAnnotation.h */ = {isa = PBXFileReference; fileEncoding = 4; lastKnownFileType = sourcecode.c.h; name = AZZMapAnnotation.h; path = Model/AZZMapAnnotation.h; sourceTree = "<group>"; };
		4924C6551E289FED00EFDCDE /* AZZMapAnnotation.m */ = {isa = PBXFileReference; fileEncoding = 4; lastKnownFileType = sourcecode.c.objc; name = AZZMapAnnotation.m; path = Model/AZZMapAnnotation.m; sourceTree = "<group>"; };
		4924C6571E28A31800EFDCDE /* AZZBaseViewController.m */ = {isa = PBXFileReference; fileEncoding = 4; lastKnownFileType = sourcecode.c.objc; name = AZZBaseViewController.m; path = ViewController/AZZBaseViewController.m; sourceTree = "<group>"; };
		4924C6581E28A31800EFDCDE /* AZZBaseViewController.h */ = {isa = PBXFileReference; fileEncoding = 4; lastKnownFileType = sourcecode.c.h; name = AZZBaseViewController.h; path = ViewController/AZZBaseViewController.h; sourceTree = "<group>"; };
		4924C65A1E28AE0900EFDCDE /* libjpeg.a */ = {isa = PBXFileReference; lastKnownFileType = archive.ar; name = libjpeg.a; path = LogoDetector/libjpeg.a; sourceTree = "<group>"; };
		4924C65C1E28B00A00EFDCDE /* AZZScanHongBaoViewController.h */ = {isa = PBXFileReference; fileEncoding = 4; lastKnownFileType = sourcecode.c.h; name = AZZScanHongBaoViewController.h; path = ViewController/AZZScanHongBaoViewController.h; sourceTree = "<group>"; };
		4924C65D1E28B00A00EFDCDE /* AZZScanHongBaoViewController.m */ = {isa = PBXFileReference; fileEncoding = 4; lastKnownFileType = sourcecode.c.objc; name = AZZScanHongBaoViewController.m; path = ViewController/AZZScanHongBaoViewController.m; sourceTree = "<group>"; };
		4924C65F1E28B54200EFDCDE /* libjpeg.dylib */ = {isa = PBXFileReference; lastKnownFileType = "compiled.mach-o.dylib"; name = libjpeg.dylib; path = LogoDetector/libjpeg.dylib; sourceTree = "<group>"; };
		4951F7EF1E1F3BA1005BE3E8 /* LogoDetector.app */ = {isa = PBXFileReference; explicitFileType = wrapper.application; includeInIndex = 0; path = LogoDetector.app; sourceTree = BUILT_PRODUCTS_DIR; };
		4951F7F31E1F3BA1005BE3E8 /* main.m */ = {isa = PBXFileReference; lastKnownFileType = sourcecode.c.objc; path = main.m; sourceTree = "<group>"; };
		4951F7F51E1F3BA1005BE3E8 /* AppDelegate.h */ = {isa = PBXFileReference; lastKnownFileType = sourcecode.c.h; path = AppDelegate.h; sourceTree = "<group>"; };
		4951F7F61E1F3BA1005BE3E8 /* AppDelegate.m */ = {isa = PBXFileReference; lastKnownFileType = sourcecode.c.objc; path = AppDelegate.m; sourceTree = "<group>"; };
		4951F7F81E1F3BA1005BE3E8 /* ViewController.h */ = {isa = PBXFileReference; lastKnownFileType = sourcecode.c.h; path = ViewController.h; sourceTree = "<group>"; };
		4951F7F91E1F3BA1005BE3E8 /* ViewController.mm */ = {isa = PBXFileReference; lastKnownFileType = sourcecode.cpp.objcpp; path = ViewController.mm; sourceTree = "<group>"; };
		4951F7FC1E1F3BA1005BE3E8 /* Base */ = {isa = PBXFileReference; lastKnownFileType = file.storyboard; name = Base; path = Base.lproj/Main.storyboard; sourceTree = "<group>"; };
		4951F8011E1F3BA1005BE3E8 /* Base */ = {isa = PBXFileReference; lastKnownFileType = file.storyboard; name = Base; path = Base.lproj/LaunchScreen.storyboard; sourceTree = "<group>"; };
		4951F8031E1F3BA1005BE3E8 /* Info.plist */ = {isa = PBXFileReference; lastKnownFileType = text.plist.xml; path = Info.plist; sourceTree = "<group>"; };
		4951F8091E1F3BCE005BE3E8 /* PrefixHeader.pch */ = {isa = PBXFileReference; lastKnownFileType = sourcecode.c.h; path = PrefixHeader.pch; sourceTree = "<group>"; };
		4951F80A1E1F3C55005BE3E8 /* opencv2.framework */ = {isa = PBXFileReference; lastKnownFileType = wrapper.framework; path = opencv2.framework; sourceTree = "<group>"; };
		4951F80D1E1F3C79005BE3E8 /* AVFoundation.framework */ = {isa = PBXFileReference; lastKnownFileType = wrapper.framework; name = AVFoundation.framework; path = System/Library/Frameworks/AVFoundation.framework; sourceTree = SDKROOT; };
		4951F80F1E1F3C83005BE3E8 /* AssetsLibrary.framework */ = {isa = PBXFileReference; lastKnownFileType = wrapper.framework; name = AssetsLibrary.framework; path = System/Library/Frameworks/AssetsLibrary.framework; sourceTree = SDKROOT; };
		4951F8111E1F3C8A005BE3E8 /* CoreMedia.framework */ = {isa = PBXFileReference; lastKnownFileType = wrapper.framework; name = CoreMedia.framework; path = System/Library/Frameworks/CoreMedia.framework; sourceTree = SDKROOT; };
		4962C7631E45C61F0002A397 /* AZZLoginViewController.h */ = {isa = PBXFileReference; fileEncoding = 4; lastKnownFileType = sourcecode.c.h; name = AZZLoginViewController.h; path = ViewController/AZZLoginViewController.h; sourceTree = "<group>"; };
		4962C7641E45C61F0002A397 /* AZZLoginViewController.m */ = {isa = PBXFileReference; fileEncoding = 4; lastKnownFileType = sourcecode.c.objc; name = AZZLoginViewController.m; path = ViewController/AZZLoginViewController.m; sourceTree = "<group>"; };
		4962C7661E45CD780002A397 /* AZZRegisterViewController.h */ = {isa = PBXFileReference; fileEncoding = 4; lastKnownFileType = sourcecode.c.h; name = AZZRegisterViewController.h; path = ViewController/AZZRegisterViewController.h; sourceTree = "<group>"; };
		4962C7671E45CD780002A397 /* AZZRegisterViewController.m */ = {isa = PBXFileReference; fileEncoding = 4; lastKnownFileType = sourcecode.c.objc; name = AZZRegisterViewController.m; path = ViewController/AZZRegisterViewController.m; sourceTree = "<group>"; };
		4962C7691E484DD20002A397 /* AZZSelectViewController.h */ = {isa = PBXFileReference; fileEncoding = 4; lastKnownFileType = sourcecode.c.h; name = AZZSelectViewController.h; path = ViewController/AZZSelectViewController.h; sourceTree = "<group>"; };
		4962C76A1E484DD20002A397 /* AZZSelectViewController.m */ = {isa = PBXFileReference; fileEncoding = 4; lastKnownFileType = sourcecode.c.objc; name = AZZSelectViewController.m; path = ViewController/AZZSelectViewController.m; sourceTree = "<group>"; };
		499416D11E7B83D90043E0D7 /* AZZPFHomeViewController.h */ = {isa = PBXFileReference; fileEncoding = 4; lastKnownFileType = sourcecode.c.h; name = AZZPFHomeViewController.h; path = ViewController/AZZPFHomeViewController.h; sourceTree = "<group>"; };
		499416D21E7B83D90043E0D7 /* AZZPFHomeViewController.m */ = {isa = PBXFileReference; fileEncoding = 4; lastKnownFileType = sourcecode.c.objc; name = AZZPFHomeViewController.m; path = ViewController/AZZPFHomeViewController.m; sourceTree = "<group>"; };
		499416D41E7B85C40043E0D7 /* AZZCenterTitleButton.h */ = {isa = PBXFileReference; fileEncoding = 4; lastKnownFileType = sourcecode.c.h; name = AZZCenterTitleButton.h; path = View/AZZCenterTitleButton.h; sourceTree = "<group>"; };
		499416D51E7B85C40043E0D7 /* AZZCenterTitleButton.m */ = {isa = PBXFileReference; fileEncoding = 4; lastKnownFileType = sourcecode.c.objc; name = AZZCenterTitleButton.m; path = View/AZZCenterTitleButton.m; sourceTree = "<group>"; };
		499416D71E7F6F240043E0D7 /* AZZUserCenterViewController.h */ = {isa = PBXFileReference; fileEncoding = 4; lastKnownFileType = sourcecode.c.h; name = AZZUserCenterViewController.h; path = ViewController/AZZUserCenterViewController.h; sourceTree = "<group>"; };
		499416D81E7F6F240043E0D7 /* AZZUserCenterViewController.m */ = {isa = PBXFileReference; fileEncoding = 4; lastKnownFileType = sourcecode.c.objc; name = AZZUserCenterViewController.m; path = ViewController/AZZUserCenterViewController.m; sourceTree = "<group>"; };
		499416DA1E7F721F0043E0D7 /* AZZUserActionsTableViewCell.h */ = {isa = PBXFileReference; fileEncoding = 4; lastKnownFileType = sourcecode.c.h; name = AZZUserActionsTableViewCell.h; path = View/AZZUserActionsTableViewCell.h; sourceTree = "<group>"; };
		499416DB1E7F721F0043E0D7 /* AZZUserActionsTableViewCell.m */ = {isa = PBXFileReference; fileEncoding = 4; lastKnownFileType = sourcecode.c.objc; name = AZZUserActionsTableViewCell.m; path = View/AZZUserActionsTableViewCell.m; sourceTree = "<group>"; };
		499416DD1E7F7CAA0043E0D7 /* AZZGotHongBaoViewController.h */ = {isa = PBXFileReference; fileEncoding = 4; lastKnownFileType = sourcecode.c.h; name = AZZGotHongBaoViewController.h; path = ViewController/AZZGotHongBaoViewController.h; sourceTree = "<group>"; };
		499416DE1E7F7CAA0043E0D7 /* AZZGotHongBaoViewController.m */ = {isa = PBXFileReference; fileEncoding = 4; lastKnownFileType = sourcecode.c.objc; name = AZZGotHongBaoViewController.m; path = ViewController/AZZGotHongBaoViewController.m; sourceTree = "<group>"; };
		499416E51E8A2E200043E0D7 /* UMSSpinnerView.h */ = {isa = PBXFileReference; fileEncoding = 4; lastKnownFileType = sourcecode.c.h; name = UMSSpinnerView.h; path = View/UMSSpinnerView.h; sourceTree = "<group>"; };
		499416E61E8A2E200043E0D7 /* UMSSpinnerView.m */ = {isa = PBXFileReference; fileEncoding = 4; lastKnownFileType = sourcecode.c.objc; name = UMSSpinnerView.m; path = View/UMSSpinnerView.m; sourceTree = "<group>"; };
		4994170B1E8CCB620043E0D7 /* AZZOpenHongBaoView.h */ = {isa = PBXFileReference; fileEncoding = 4; lastKnownFileType = sourcecode.c.h; name = AZZOpenHongBaoView.h; path = View/AZZOpenHongBaoView.h; sourceTree = "<group>"; };
		4994170C1E8CCB620043E0D7 /* AZZOpenHongBaoView.m */ = {isa = PBXFileReference; fileEncoding = 4; lastKnownFileType = sourcecode.c.objc; name = AZZOpenHongBaoView.m; path = View/AZZOpenHongBaoView.m; sourceTree = "<group>"; };
		4994170E1E8CCBE60043E0D7 /* AZZHongBaoViewProtocol.h */ = {isa = PBXFileReference; lastKnownFileType = sourcecode.c.h; name = AZZHongBaoViewProtocol.h; path = View/AZZHongBaoViewProtocol.h; sourceTree = "<group>"; };
		49B4F0B91E8DF46300652955 /* AZZLocationView.h */ = {isa = PBXFileReference; fileEncoding = 4; lastKnownFileType = sourcecode.c.h; name = AZZLocationView.h; path = View/AZZLocationView.h; sourceTree = "<group>"; };
		49B4F0BA1E8DF46300652955 /* AZZLocationView.m */ = {isa = PBXFileReference; fileEncoding = 4; lastKnownFileType = sourcecode.c.objc; name = AZZLocationView.m; path = View/AZZLocationView.m; sourceTree = "<group>"; };
		49C745A91E8DFFCD006E4348 /* AZZSendHongbaoSuccessView.h */ = {isa = PBXFileReference; fileEncoding = 4; lastKnownFileType = sourcecode.c.h; name = AZZSendHongbaoSuccessView.h; path = View/AZZSendHongbaoSuccessView.h; sourceTree = "<group>"; };
		49C745AA1E8DFFCD006E4348 /* AZZSendHongbaoSuccessView.m */ = {isa = PBXFileReference; fileEncoding = 4; lastKnownFileType = sourcecode.c.objc; name = AZZSendHongbaoSuccessView.m; path = View/AZZSendHongbaoSuccessView.m; sourceTree = "<group>"; };
		49C745AC1E8E1B2A006E4348 /* AZZImageRotate.h */ = {isa = PBXFileReference; fileEncoding = 4; lastKnownFileType = sourcecode.c.h; name = AZZImageRotate.h; path = Tools/AZZImageRotate.h; sourceTree = "<group>"; };
		49C745AD1E8E1B2A006E4348 /* AZZImageRotate.m */ = {isa = PBXFileReference; fileEncoding = 4; lastKnownFileType = sourcecode.c.objc; name = AZZImageRotate.m; path = Tools/AZZImageRotate.m; sourceTree = "<group>"; };
		49C745AF1E8F6960006E4348 /* AZZHongbaoAnnotationView.h */ = {isa = PBXFileReference; fileEncoding = 4; lastKnownFileType = sourcecode.c.h; name = AZZHongbaoAnnotationView.h; path = View/AZZHongbaoAnnotationView.h; sourceTree = "<group>"; };
		49C745B01E8F6960006E4348 /* AZZHongbaoAnnotationView.m */ = {isa = PBXFileReference; fileEncoding = 4; lastKnownFileType = sourcecode.c.objc; name = AZZHongbaoAnnotationView.m; path = View/AZZHongbaoAnnotationView.m; sourceTree = "<group>"; };
		78AB7F00BFEFC728D9B25F30 /* Pods-LogoDetector.debug.xcconfig */ = {isa = PBXFileReference; includeInIndex = 1; lastKnownFileType = text.xcconfig; name = "Pods-LogoDetector.debug.xcconfig"; path = "Pods/Target Support Files/Pods-LogoDetector/Pods-LogoDetector.debug.xcconfig"; sourceTree = "<group>"; };
		7E06BEEA943217F144B8663B /* libPods-LogoDetector.a */ = {isa = PBXFileReference; explicitFileType = archive.ar; includeInIndex = 0; path = "libPods-LogoDetector.a"; sourceTree = BUILT_PRODUCTS_DIR; };
		F3F8311D55F40B38B9A90FBD /* Pods-LogoDetector.release.xcconfig */ = {isa = PBXFileReference; includeInIndex = 1; lastKnownFileType = text.xcconfig; name = "Pods-LogoDetector.release.xcconfig"; path = "Pods/Target Support Files/Pods-LogoDetector/Pods-LogoDetector.release.xcconfig"; sourceTree = "<group>"; };
/* End PBXFileReference section */

/* Begin PBXFrameworksBuildPhase section */
		4951F7EC1E1F3BA1005BE3E8 /* Frameworks */ = {
			isa = PBXFrameworksBuildPhase;
			buildActionMask = 2147483647;
			files = (
				4924C6611E28B58200EFDCDE /* libjpeg.a in Frameworks */,
				4924C6381E289A0800EFDCDE /* MapKit.framework in Frameworks */,
				4951F8121E1F3C8A005BE3E8 /* CoreMedia.framework in Frameworks */,
				4951F8101E1F3C83005BE3E8 /* AssetsLibrary.framework in Frameworks */,
				4951F80E1E1F3C79005BE3E8 /* AVFoundation.framework in Frameworks */,
				4951F80B1E1F3C55005BE3E8 /* opencv2.framework in Frameworks */,
				BF79371D60E40897DF21929E /* libPods-LogoDetector.a in Frameworks */,
			);
			runOnlyForDeploymentPostprocessing = 0;
		};
/* End PBXFrameworksBuildPhase section */

/* Begin PBXGroup section */
		4924C6391E289B2900EFDCDE /* Network */ = {
			isa = PBXGroup;
			children = (
				4924C63D1E289BC100EFDCDE /* AZZClient.h */,
				4924C63E1E289BC100EFDCDE /* AZZClient.m */,
				4924C63F1E289BC100EFDCDE /* AZZServerResources.h */,
			);
			name = Network;
			sourceTree = "<group>";
		};
		4924C63A1E289B3200EFDCDE /* Model */ = {
			isa = PBXGroup;
			children = (
				4924C6411E289BCE00EFDCDE /* AZZHongBaoModel.h */,
				4924C6421E289BCE00EFDCDE /* AZZHongBaoModel.m */,
				4924C6541E289FED00EFDCDE /* AZZMapAnnotation.h */,
				4924C6551E289FED00EFDCDE /* AZZMapAnnotation.m */,
				49150C871E30844B00638614 /* AZZHongBaoGotUserModel.h */,
				49150C881E30844B00638614 /* AZZHongBaoGotUserModel.m */,
			);
			name = Model;
			sourceTree = "<group>";
		};
		4924C63B1E289BAC00EFDCDE /* ViewControoler */ = {
			isa = PBXGroup;
			children = (
				4924C6571E28A31800EFDCDE /* AZZBaseViewController.m */,
				4924C6581E28A31800EFDCDE /* AZZBaseViewController.h */,
				4962C7631E45C61F0002A397 /* AZZLoginViewController.h */,
				4962C7641E45C61F0002A397 /* AZZLoginViewController.m */,
				4962C7661E45CD780002A397 /* AZZRegisterViewController.h */,
				4962C7671E45CD780002A397 /* AZZRegisterViewController.m */,
				4924C6511E289D8200EFDCDE /* AZZMapViewController.h */,
				4924C6521E289D8200EFDCDE /* AZZMapViewController.m */,
				4924C65C1E28B00A00EFDCDE /* AZZScanHongBaoViewController.h */,
				4924C65D1E28B00A00EFDCDE /* AZZScanHongBaoViewController.m */,
				4962C7691E484DD20002A397 /* AZZSelectViewController.h */,
				4962C76A1E484DD20002A397 /* AZZSelectViewController.m */,
				499416D11E7B83D90043E0D7 /* AZZPFHomeViewController.h */,
				499416D21E7B83D90043E0D7 /* AZZPFHomeViewController.m */,
				499416D71E7F6F240043E0D7 /* AZZUserCenterViewController.h */,
				499416D81E7F6F240043E0D7 /* AZZUserCenterViewController.m */,
				499416DD1E7F7CAA0043E0D7 /* AZZGotHongBaoViewController.h */,
				499416DE1E7F7CAA0043E0D7 /* AZZGotHongBaoViewController.m */,
			);
			name = ViewControoler;
			sourceTree = "<group>";
		};
		4924C63C1E289BB500EFDCDE /* View */ = {
			isa = PBXGroup;
			children = (
				499416E51E8A2E200043E0D7 /* UMSSpinnerView.h */,
				499416E61E8A2E200043E0D7 /* UMSSpinnerView.m */,
				49150C8A1E308B0300638614 /* AZZHongBaoView.h */,
				49150C8B1E308B0300638614 /* AZZHongBaoView.m */,
				499416D41E7B85C40043E0D7 /* AZZCenterTitleButton.h */,
				499416D51E7B85C40043E0D7 /* AZZCenterTitleButton.m */,
				499416DA1E7F721F0043E0D7 /* AZZUserActionsTableViewCell.h */,
				499416DB1E7F721F0043E0D7 /* AZZUserActionsTableViewCell.m */,
				4994170B1E8CCB620043E0D7 /* AZZOpenHongBaoView.h */,
				4994170C1E8CCB620043E0D7 /* AZZOpenHongBaoView.m */,
				4994170E1E8CCBE60043E0D7 /* AZZHongBaoViewProtocol.h */,
				49B4F0B91E8DF46300652955 /* AZZLocationView.h */,
				49B4F0BA1E8DF46300652955 /* AZZLocationView.m */,
				49C745A91E8DFFCD006E4348 /* AZZSendHongbaoSuccessView.h */,
				49C745AA1E8DFFCD006E4348 /* AZZSendHongbaoSuccessView.m */,
				49C745AF1E8F6960006E4348 /* AZZHongbaoAnnotationView.h */,
				49C745B01E8F6960006E4348 /* AZZHongbaoAnnotationView.m */,
			);
			name = View;
			sourceTree = "<group>";
		};
		4924C6441E289BD700EFDCDE /* Tools */ = {
			isa = PBXGroup;
			children = (
				4924C6451E289BE300EFDCDE /* AZZImageDetector.h */,
				4924C6461E289BE300EFDCDE /* AZZImageDetector.mm */,
				4924C6471E289BE300EFDCDE /* AZZImageUtils.h */,
				4924C6481E289BE300EFDCDE /* AZZImageUtils.mm */,
				49C745AC1E8E1B2A006E4348 /* AZZImageRotate.h */,
				49C745AD1E8E1B2A006E4348 /* AZZImageRotate.m */,
				4924C6491E289BE300EFDCDE /* AZZLocationManager.h */,
				4924C64A1E289BE300EFDCDE /* AZZLocationManager.m */,
			);
			name = Tools;
			sourceTree = "<group>";
		};
		4951F7E61E1F3BA1005BE3E8 = {
			isa = PBXGroup;
			children = (
				4951F7F11E1F3BA1005BE3E8 /* LogoDetector */,
				4951F7F01E1F3BA1005BE3E8 /* Products */,
				4951F80C1E1F3C78005BE3E8 /* Frameworks */,
				B2D93C71DEF84980CF7EEE07 /* Pods */,
			);
			sourceTree = "<group>";
		};
		4951F7F01E1F3BA1005BE3E8 /* Products */ = {
			isa = PBXGroup;
			children = (
				4951F7EF1E1F3BA1005BE3E8 /* LogoDetector.app */,
			);
			name = Products;
			sourceTree = "<group>";
		};
		4951F7F11E1F3BA1005BE3E8 /* LogoDetector */ = {
			isa = PBXGroup;
			children = (
				4951F80A1E1F3C55005BE3E8 /* opencv2.framework */,
				4951F7F51E1F3BA1005BE3E8 /* AppDelegate.h */,
				4951F7F61E1F3BA1005BE3E8 /* AppDelegate.m */,
				4951F7F81E1F3BA1005BE3E8 /* ViewController.h */,
				4951F7F91E1F3BA1005BE3E8 /* ViewController.mm */,
				4924C6441E289BD700EFDCDE /* Tools */,
				4924C63C1E289BB500EFDCDE /* View */,
				4924C63B1E289BAC00EFDCDE /* ViewControoler */,
				4924C63A1E289B3200EFDCDE /* Model */,
				4924C6391E289B2900EFDCDE /* Network */,
				4951F8091E1F3BCE005BE3E8 /* PrefixHeader.pch */,
				49150C8D1E31E89400638614 /* Assets.xcassets */,
				4951F7FB1E1F3BA1005BE3E8 /* Main.storyboard */,
				4951F8001E1F3BA1005BE3E8 /* LaunchScreen.storyboard */,
				4951F8031E1F3BA1005BE3E8 /* Info.plist */,
				4951F7F21E1F3BA1005BE3E8 /* Supporting Files */,
			);
			path = LogoDetector;
			sourceTree = "<group>";
		};
		4951F7F21E1F3BA1005BE3E8 /* Supporting Files */ = {
			isa = PBXGroup;
			children = (
				4951F7F31E1F3BA1005BE3E8 /* main.m */,
			);
			name = "Supporting Files";
			sourceTree = "<group>";
		};
		4951F80C1E1F3C78005BE3E8 /* Frameworks */ = {
			isa = PBXGroup;
			children = (
				4924C65F1E28B54200EFDCDE /* libjpeg.dylib */,
				4924C65A1E28AE0900EFDCDE /* libjpeg.a */,
				4924C6371E289A0800EFDCDE /* MapKit.framework */,
				4951F8111E1F3C8A005BE3E8 /* CoreMedia.framework */,
				4951F80F1E1F3C83005BE3E8 /* AssetsLibrary.framework */,
				4951F80D1E1F3C79005BE3E8 /* AVFoundation.framework */,
				7E06BEEA943217F144B8663B /* libPods-LogoDetector.a */,
			);
			name = Frameworks;
			sourceTree = "<group>";
		};
		B2D93C71DEF84980CF7EEE07 /* Pods */ = {
			isa = PBXGroup;
			children = (
				78AB7F00BFEFC728D9B25F30 /* Pods-LogoDetector.debug.xcconfig */,
				F3F8311D55F40B38B9A90FBD /* Pods-LogoDetector.release.xcconfig */,
			);
			name = Pods;
			sourceTree = "<group>";
		};
/* End PBXGroup section */

/* Begin PBXNativeTarget section */
		4951F7EE1E1F3BA1005BE3E8 /* LogoDetector */ = {
			isa = PBXNativeTarget;
			buildConfigurationList = 4951F8061E1F3BA1005BE3E8 /* Build configuration list for PBXNativeTarget "LogoDetector" */;
			buildPhases = (
				E8585AD1BFFF5E4B8315B092 /* [CP] Check Pods Manifest.lock */,
				4951F7EB1E1F3BA1005BE3E8 /* Sources */,
				4951F7EC1E1F3BA1005BE3E8 /* Frameworks */,
				4951F7ED1E1F3BA1005BE3E8 /* Resources */,
				DF38A7933BAA54E56E9D40AD /* [CP] Embed Pods Frameworks */,
				6DA4D1C3B29CF7FB96F76601 /* [CP] Copy Pods Resources */,
			);
			buildRules = (
			);
			dependencies = (
			);
			name = LogoDetector;
			productName = LogoDetector;
			productReference = 4951F7EF1E1F3BA1005BE3E8 /* LogoDetector.app */;
			productType = "com.apple.product-type.application";
		};
/* End PBXNativeTarget section */

/* Begin PBXProject section */
		4951F7E71E1F3BA1005BE3E8 /* Project object */ = {
			isa = PBXProject;
			attributes = {
				LastUpgradeCheck = 0820;
				ORGANIZATIONNAME = Andrew;
				TargetAttributes = {
					4951F7EE1E1F3BA1005BE3E8 = {
						CreatedOnToolsVersion = 8.2;
						DevelopmentTeam = LT4WKW32ZY;
						ProvisioningStyle = Automatic;
					};
				};
			};
			buildConfigurationList = 4951F7EA1E1F3BA1005BE3E8 /* Build configuration list for PBXProject "LogoDetector" */;
			compatibilityVersion = "Xcode 3.2";
			developmentRegion = English;
			hasScannedForEncodings = 0;
			knownRegions = (
				en,
				Base,
			);
			mainGroup = 4951F7E61E1F3BA1005BE3E8;
			productRefGroup = 4951F7F01E1F3BA1005BE3E8 /* Products */;
			projectDirPath = "";
			projectRoot = "";
			targets = (
				4951F7EE1E1F3BA1005BE3E8 /* LogoDetector */,
			);
		};
/* End PBXProject section */

/* Begin PBXResourcesBuildPhase section */
		4951F7ED1E1F3BA1005BE3E8 /* Resources */ = {
			isa = PBXResourcesBuildPhase;
			buildActionMask = 2147483647;
			files = (
				4951F8021E1F3BA1005BE3E8 /* LaunchScreen.storyboard in Resources */,
				49150C8E1E31E89400638614 /* Assets.xcassets in Resources */,
				4951F7FD1E1F3BA1005BE3E8 /* Main.storyboard in Resources */,
			);
			runOnlyForDeploymentPostprocessing = 0;
		};
/* End PBXResourcesBuildPhase section */

/* Begin PBXShellScriptBuildPhase section */
		6DA4D1C3B29CF7FB96F76601 /* [CP] Copy Pods Resources */ = {
			isa = PBXShellScriptBuildPhase;
			buildActionMask = 2147483647;
			files = (
			);
			inputPaths = (
			);
			name = "[CP] Copy Pods Resources";
			outputPaths = (
			);
			runOnlyForDeploymentPostprocessing = 0;
			shellPath = /bin/sh;
			shellScript = "\"${SRCROOT}/Pods/Target Support Files/Pods-LogoDetector/Pods-LogoDetector-resources.sh\"\n";
			showEnvVarsInLog = 0;
		};
		DF38A7933BAA54E56E9D40AD /* [CP] Embed Pods Frameworks */ = {
			isa = PBXShellScriptBuildPhase;
			buildActionMask = 2147483647;
			files = (
			);
			inputPaths = (
			);
			name = "[CP] Embed Pods Frameworks";
			outputPaths = (
			);
			runOnlyForDeploymentPostprocessing = 0;
			shellPath = /bin/sh;
			shellScript = "\"${SRCROOT}/Pods/Target Support Files/Pods-LogoDetector/Pods-LogoDetector-frameworks.sh\"\n";
			showEnvVarsInLog = 0;
		};
		E8585AD1BFFF5E4B8315B092 /* [CP] Check Pods Manifest.lock */ = {
			isa = PBXShellScriptBuildPhase;
			buildActionMask = 2147483647;
			files = (
			);
			inputPaths = (
			);
			name = "[CP] Check Pods Manifest.lock";
			outputPaths = (
			);
			runOnlyForDeploymentPostprocessing = 0;
			shellPath = /bin/sh;
			shellScript = "diff \"${PODS_ROOT}/../Podfile.lock\" \"${PODS_ROOT}/Manifest.lock\" > /dev/null\nif [ $? != 0 ] ; then\n    # print error to STDERR\n    echo \"error: The sandbox is not in sync with the Podfile.lock. Run 'pod install' or update your CocoaPods installation.\" >&2\n    exit 1\nfi\n";
			showEnvVarsInLog = 0;
		};
/* End PBXShellScriptBuildPhase section */

/* Begin PBXSourcesBuildPhase section */
		4951F7EB1E1F3BA1005BE3E8 /* Sources */ = {
			isa = PBXSourcesBuildPhase;
			buildActionMask = 2147483647;
			files = (
				4924C65E1E28B00A00EFDCDE /* AZZScanHongBaoViewController.m in Sources */,
				4924C64D1E289BE300EFDCDE /* AZZLocationManager.m in Sources */,
				49C745B11E8F6960006E4348 /* AZZHongbaoAnnotationView.m in Sources */,
				4924C6531E289D8200EFDCDE /* AZZMapViewController.m in Sources */,
				4962C76B1E484DD20002A397 /* AZZSelectViewController.m in Sources */,
				49B4F0BB1E8DF46300652955 /* AZZLocationView.m in Sources */,
				49C745AB1E8DFFCD006E4348 /* AZZSendHongbaoSuccessView.m in Sources */,
				4951F7FA1E1F3BA1005BE3E8 /* ViewController.mm in Sources */,
				4924C6591E28A31800EFDCDE /* AZZBaseViewController.m in Sources */,
				49150C8C1E308B0300638614 /* AZZHongBaoView.m in Sources */,
				499416D31E7B83D90043E0D7 /* AZZPFHomeViewController.m in Sources */,
				499416DF1E7F7CAA0043E0D7 /* AZZGotHongBaoViewController.m in Sources */,
				499416D91E7F6F240043E0D7 /* AZZUserCenterViewController.m in Sources */,
				4951F7F71E1F3BA1005BE3E8 /* AppDelegate.m in Sources */,
				49C745AE1E8E1B2A006E4348 /* AZZImageRotate.m in Sources */,
				4924C6401E289BC100EFDCDE /* AZZClient.m in Sources */,
				4924C64C1E289BE300EFDCDE /* AZZImageUtils.mm in Sources */,
				49150C891E30844B00638614 /* AZZHongBaoGotUserModel.m in Sources */,
				4924C64B1E289BE300EFDCDE /* AZZImageDetector.mm in Sources */,
				4924C6561E289FED00EFDCDE /* AZZMapAnnotation.m in Sources */,
				4951F7F41E1F3BA1005BE3E8 /* main.m in Sources */,
				4962C7651E45C61F0002A397 /* AZZLoginViewController.m in Sources */,
				4924C6431E289BCE00EFDCDE /* AZZHongBaoModel.m in Sources */,
				4962C7681E45CD780002A397 /* AZZRegisterViewController.m in Sources */,
				499416D61E7B85C40043E0D7 /* AZZCenterTitleButton.m in Sources */,
				499416DC1E7F721F0043E0D7 /* AZZUserActionsTableViewCell.m in Sources */,
				499416E71E8A2E200043E0D7 /* UMSSpinnerView.m in Sources */,
				4994170D1E8CCB620043E0D7 /* AZZOpenHongBaoView.m in Sources */,
			);
			runOnlyForDeploymentPostprocessing = 0;
		};
/* End PBXSourcesBuildPhase section */

/* Begin PBXVariantGroup section */
		4951F7FB1E1F3BA1005BE3E8 /* Main.storyboard */ = {
			isa = PBXVariantGroup;
			children = (
				4951F7FC1E1F3BA1005BE3E8 /* Base */,
			);
			name = Main.storyboard;
			sourceTree = "<group>";
		};
		4951F8001E1F3BA1005BE3E8 /* LaunchScreen.storyboard */ = {
			isa = PBXVariantGroup;
			children = (
				4951F8011E1F3BA1005BE3E8 /* Base */,
			);
			name = LaunchScreen.storyboard;
			sourceTree = "<group>";
		};
/* End PBXVariantGroup section */

/* Begin XCBuildConfiguration section */
		4951F8041E1F3BA1005BE3E8 /* Debug */ = {
			isa = XCBuildConfiguration;
			buildSettings = {
				ALWAYS_SEARCH_USER_PATHS = NO;
				CLANG_ANALYZER_NONNULL = YES;
				CLANG_CXX_LANGUAGE_STANDARD = "gnu++0x";
				CLANG_CXX_LIBRARY = "libc++";
				CLANG_ENABLE_MODULES = YES;
				CLANG_ENABLE_OBJC_ARC = YES;
				CLANG_WARN_BOOL_CONVERSION = YES;
				CLANG_WARN_CONSTANT_CONVERSION = YES;
				CLANG_WARN_DIRECT_OBJC_ISA_USAGE = YES_ERROR;
				CLANG_WARN_DOCUMENTATION_COMMENTS = YES;
				CLANG_WARN_EMPTY_BODY = YES;
				CLANG_WARN_ENUM_CONVERSION = YES;
				CLANG_WARN_INFINITE_RECURSION = YES;
				CLANG_WARN_INT_CONVERSION = YES;
				CLANG_WARN_OBJC_ROOT_CLASS = YES_ERROR;
				CLANG_WARN_SUSPICIOUS_MOVE = YES;
				CLANG_WARN_UNREACHABLE_CODE = YES;
				CLANG_WARN__DUPLICATE_METHOD_MATCH = YES;
				"CODE_SIGN_IDENTITY[sdk=iphoneos*]" = "iPhone Developer";
				COPY_PHASE_STRIP = NO;
				DEBUG_INFORMATION_FORMAT = dwarf;
				ENABLE_STRICT_OBJC_MSGSEND = YES;
				ENABLE_TESTABILITY = YES;
				GCC_C_LANGUAGE_STANDARD = gnu99;
				GCC_DYNAMIC_NO_PIC = NO;
				GCC_NO_COMMON_BLOCKS = YES;
				GCC_OPTIMIZATION_LEVEL = 0;
				GCC_PREPROCESSOR_DEFINITIONS = (
					"DEBUG=1",
					"$(inherited)",
				);
				GCC_WARN_64_TO_32_BIT_CONVERSION = YES;
				GCC_WARN_ABOUT_RETURN_TYPE = YES_ERROR;
				GCC_WARN_UNDECLARED_SELECTOR = YES;
				GCC_WARN_UNINITIALIZED_AUTOS = YES_AGGRESSIVE;
				GCC_WARN_UNUSED_FUNCTION = YES;
				GCC_WARN_UNUSED_VARIABLE = YES;
				IPHONEOS_DEPLOYMENT_TARGET = 10.2;
				MTL_ENABLE_DEBUG_INFO = YES;
				ONLY_ACTIVE_ARCH = YES;
				SDKROOT = iphoneos;
				TARGETED_DEVICE_FAMILY = "1,2";
			};
			name = Debug;
		};
		4951F8051E1F3BA1005BE3E8 /* Release */ = {
			isa = XCBuildConfiguration;
			buildSettings = {
				ALWAYS_SEARCH_USER_PATHS = NO;
				CLANG_ANALYZER_NONNULL = YES;
				CLANG_CXX_LANGUAGE_STANDARD = "gnu++0x";
				CLANG_CXX_LIBRARY = "libc++";
				CLANG_ENABLE_MODULES = YES;
				CLANG_ENABLE_OBJC_ARC = YES;
				CLANG_WARN_BOOL_CONVERSION = YES;
				CLANG_WARN_CONSTANT_CONVERSION = YES;
				CLANG_WARN_DIRECT_OBJC_ISA_USAGE = YES_ERROR;
				CLANG_WARN_DOCUMENTATION_COMMENTS = YES;
				CLANG_WARN_EMPTY_BODY = YES;
				CLANG_WARN_ENUM_CONVERSION = YES;
				CLANG_WARN_INFINITE_RECURSION = YES;
				CLANG_WARN_INT_CONVERSION = YES;
				CLANG_WARN_OBJC_ROOT_CLASS = YES_ERROR;
				CLANG_WARN_SUSPICIOUS_MOVE = YES;
				CLANG_WARN_UNREACHABLE_CODE = YES;
				CLANG_WARN__DUPLICATE_METHOD_MATCH = YES;
				"CODE_SIGN_IDENTITY[sdk=iphoneos*]" = "iPhone Developer";
				COPY_PHASE_STRIP = NO;
				DEBUG_INFORMATION_FORMAT = "dwarf-with-dsym";
				ENABLE_NS_ASSERTIONS = NO;
				ENABLE_STRICT_OBJC_MSGSEND = YES;
				GCC_C_LANGUAGE_STANDARD = gnu99;
				GCC_NO_COMMON_BLOCKS = YES;
				GCC_WARN_64_TO_32_BIT_CONVERSION = YES;
				GCC_WARN_ABOUT_RETURN_TYPE = YES_ERROR;
				GCC_WARN_UNDECLARED_SELECTOR = YES;
				GCC_WARN_UNINITIALIZED_AUTOS = YES_AGGRESSIVE;
				GCC_WARN_UNUSED_FUNCTION = YES;
				GCC_WARN_UNUSED_VARIABLE = YES;
				IPHONEOS_DEPLOYMENT_TARGET = 10.2;
				MTL_ENABLE_DEBUG_INFO = NO;
				SDKROOT = iphoneos;
				TARGETED_DEVICE_FAMILY = "1,2";
				VALIDATE_PRODUCT = YES;
			};
			name = Release;
		};
		4951F8071E1F3BA1005BE3E8 /* Debug */ = {
			isa = XCBuildConfiguration;
			baseConfigurationReference = 78AB7F00BFEFC728D9B25F30 /* Pods-LogoDetector.debug.xcconfig */;
			buildSettings = {
				ASSETCATALOG_COMPILER_APPICON_NAME = AppIcon;
				DEVELOPMENT_TEAM = LT4WKW32ZY;
				FRAMEWORK_SEARCH_PATHS = (
					"$(inherited)",
					"$(PROJECT_DIR)/LogoDetector",
				);
				GCC_PREFIX_HEADER = $PROJECT/PrefixHeader.pch;
				INFOPLIST_FILE = LogoDetector/Info.plist;
				IPHONEOS_DEPLOYMENT_TARGET = 8.0;
				LD_RUNPATH_SEARCH_PATHS = "$(inherited) @executable_path/Frameworks";
				LIBRARY_SEARCH_PATHS = (
					"$(inherited)",
					"$(PROJECT_DIR)/LogoDetector",
				);
				PRODUCT_BUNDLE_IDENTIFIER = com.andrew.LogoDetector;
				PRODUCT_NAME = "$(TARGET_NAME)";
			};
			name = Debug;
		};
		4951F8081E1F3BA1005BE3E8 /* Release */ = {
			isa = XCBuildConfiguration;
			baseConfigurationReference = F3F8311D55F40B38B9A90FBD /* Pods-LogoDetector.release.xcconfig */;
			buildSettings = {
				ASSETCATALOG_COMPILER_APPICON_NAME = AppIcon;
				DEVELOPMENT_TEAM = LT4WKW32ZY;
				FRAMEWORK_SEARCH_PATHS = (
					"$(inherited)",
					"$(PROJECT_DIR)/LogoDetector",
				);
				GCC_PREFIX_HEADER = $PROJECT/PrefixHeader.pch;
				INFOPLIST_FILE = LogoDetector/Info.plist;
				IPHONEOS_DEPLOYMENT_TARGET = 8.0;
				LD_RUNPATH_SEARCH_PATHS = "$(inherited) @executable_path/Frameworks";
				LIBRARY_SEARCH_PATHS = (
					"$(inherited)",
					"$(PROJECT_DIR)/LogoDetector",
				);
				PRODUCT_BUNDLE_IDENTIFIER = com.andrew.LogoDetector;
				PRODUCT_NAME = "$(TARGET_NAME)";
			};
			name = Release;
		};
/* End XCBuildConfiguration section */

/* Begin XCConfigurationList section */
		4951F7EA1E1F3BA1005BE3E8 /* Build configuration list for PBXProject "LogoDetector" */ = {
			isa = XCConfigurationList;
			buildConfigurations = (
				4951F8041E1F3BA1005BE3E8 /* Debug */,
				4951F8051E1F3BA1005BE3E8 /* Release */,
			);
			defaultConfigurationIsVisible = 0;
			defaultConfigurationName = Release;
		};
		4951F8061E1F3BA1005BE3E8 /* Build configuration list for PBXNativeTarget "LogoDetector" */ = {
			isa = XCConfigurationList;
			buildConfigurations = (
				4951F8071E1F3BA1005BE3E8 /* Debug */,
				4951F8081E1F3BA1005BE3E8 /* Release */,
			);
			defaultConfigurationIsVisible = 0;
			defaultConfigurationName = Release;
		};
/* End XCConfigurationList section */
	};
	rootObject = 4951F7E71E1F3BA1005BE3E8 /* Project object */;
}
